Microsoft Visual Studio Solution File, Format Version 12.00
# Visual Studio Version 17
VisualStudioVersion = 17.5.2.0
MinimumVisualStudioVersion = 10.0.40219.1
Project("{FAE04EC0-301F-11D3-BF4B-00C04F79EFBC}") = "SunamoAsync", "SunamoAsync.csproj", "{42DA2D56-98D4-AD45-0E77-67B3F83FEA0E}"
EndProject
Global
	GlobalSection(SolutionConfigurationPlatforms) = preSolution
		Debug|Any CPU = Debug|Any CPU
		Release|Any CPU = Release|Any CPU
	EndGlobalSection
	GlobalSection(ProjectConfigurationPlatforms) = postSolution
		{42DA2D56-98D4-AD45-0E77-67B3F83FEA0E}.Debug|Any CPU.ActiveCfg = Debug|Any CPU
		{42DA2D56-98D4-AD45-0E77-67B3F83FEA0E}.Debug|Any CPU.Build.0 = Debug|Any CPU
		{42DA2D56-98D4-AD45-0E77-67B3F83FEA0E}.Release|Any CPU.ActiveCfg = Release|Any CPU
		{42DA2D56-98D4-AD45-0E77-67B3F83FEA0E}.Release|Any CPU.Build.0 = Release|Any CPU
	EndGlobalSection
	GlobalSection(SolutionProperties) = preSolution
		HideSolutionNode = FALSE
	EndGlobalSection
	GlobalSection(ExtensibilityGlobals) = postSolution
		SolutionGuid = {F2339E6D-1624-4D37-A0F4-17DE468E454B}
	EndGlobalSection
EndGlobal
